
Microsoft Visual Studio Solution File, Format Version 12.00
# Visual Studio 15
VisualStudioVersion = 15.0.26228.9
MinimumVisualStudioVersion = 10.0.40219.1
Project("{00D1A9C2-B5F0-4AF3-8072-F6C62B433612}") = "openBasculaNet_BBDD", "openBasculaNet_BBDD\openBasculaNet_BBDD.sqlproj", "{B2C5E683-5D88-466F-BA3C-1BE2656AFC2A}"
EndProject
Global
	GlobalSection(SolutionConfigurationPlatforms) = preSolution
		Debug|Any CPU = Debug|Any CPU
		Release|Any CPU = Release|Any CPU
	EndGlobalSection
	GlobalSection(ProjectConfigurationPlatforms) = postSolution
		{B2C5E683-5D88-466F-BA3C-1BE2656AFC2A}.Debug|Any CPU.ActiveCfg = Debug|Any CPU
		{B2C5E683-5D88-466F-BA3C-1BE2656AFC2A}.Debug|Any CPU.Build.0 = Debug|Any CPU
		{B2C5E683-5D88-466F-BA3C-1BE2656AFC2A}.Debug|Any CPU.Deploy.0 = Debug|Any CPU
		{B2C5E683-5D88-466F-BA3C-1BE2656AFC2A}.Release|Any CPU.ActiveCfg = Release|Any CPU
		{B2C5E683-5D88-466F-BA3C-1BE2656AFC2A}.Release|Any CPU.Build.0 = Release|Any CPU
		{B2C5E683-5D88-466F-BA3C-1BE2656AFC2A}.Release|Any CPU.Deploy.0 = Release|Any CPU
	EndGlobalSection
	GlobalSection(SolutionProperties) = preSolution
		HideSolutionNode = FALSE
	EndGlobalSection
EndGlobal
