
Microsoft Visual Studio Solution File, Format Version 12.00
# Visual Studio 15
VisualStudioVersion = 15.0.26228.9
MinimumVisualStudioVersion = 10.0.40219.1
Project("{FAE04EC0-301F-11D3-BF4B-00C04F79EFBC}") = "openBasculaNet.Core", "openBasculaNet.Core\openBasculaNet.Core.csproj", "{C306CF47-240B-4E0C-B722-A8EE50C25B14}"
EndProject
Project("{FAE04EC0-301F-11D3-BF4B-00C04F79EFBC}") = "openBasculaNet.BusinessLogic", "openBasculaNet.BusinessLogic\openBasculaNet.BusinessLogic.csproj", "{D41103A5-8CEE-452D-BB9C-DD7DF5A41E45}"
EndProject
Project("{FAE04EC0-301F-11D3-BF4B-00C04F79EFBC}") = "openBasculaNetWeb", "openBasculaNetWeb\openBasculaNetWeb.csproj", "{5384F6B4-C92F-40BC-9B84-FF42D5CC62F7}"
EndProject
Global
	GlobalSection(SolutionConfigurationPlatforms) = preSolution
		Debug|Any CPU = Debug|Any CPU
		Release|Any CPU = Release|Any CPU
	EndGlobalSection
	GlobalSection(ProjectConfigurationPlatforms) = postSolution
		{C306CF47-240B-4E0C-B722-A8EE50C25B14}.Debug|Any CPU.ActiveCfg = Debug|Any CPU
		{C306CF47-240B-4E0C-B722-A8EE50C25B14}.Debug|Any CPU.Build.0 = Debug|Any CPU
		{C306CF47-240B-4E0C-B722-A8EE50C25B14}.Release|Any CPU.ActiveCfg = Release|Any CPU
		{C306CF47-240B-4E0C-B722-A8EE50C25B14}.Release|Any CPU.Build.0 = Release|Any CPU
		{D41103A5-8CEE-452D-BB9C-DD7DF5A41E45}.Debug|Any CPU.ActiveCfg = Debug|Any CPU
		{D41103A5-8CEE-452D-BB9C-DD7DF5A41E45}.Debug|Any CPU.Build.0 = Debug|Any CPU
		{D41103A5-8CEE-452D-BB9C-DD7DF5A41E45}.Release|Any CPU.ActiveCfg = Release|Any CPU
		{D41103A5-8CEE-452D-BB9C-DD7DF5A41E45}.Release|Any CPU.Build.0 = Release|Any CPU
		{5384F6B4-C92F-40BC-9B84-FF42D5CC62F7}.Debug|Any CPU.ActiveCfg = Debug|Any CPU
		{5384F6B4-C92F-40BC-9B84-FF42D5CC62F7}.Debug|Any CPU.Build.0 = Debug|Any CPU
		{5384F6B4-C92F-40BC-9B84-FF42D5CC62F7}.Release|Any CPU.ActiveCfg = Release|Any CPU
		{5384F6B4-C92F-40BC-9B84-FF42D5CC62F7}.Release|Any CPU.Build.0 = Release|Any CPU
	EndGlobalSection
	GlobalSection(SolutionProperties) = preSolution
		HideSolutionNode = FALSE
	EndGlobalSection
EndGlobal
